
Microsoft Visual Studio Solution File, Format Version 12.00
# Visual Studio Version 16
VisualStudioVersion = 16.0.31613.86
MinimumVisualStudioVersion = 10.0.40219.1
Project("{2150E333-8FDC-42A3-9474-1A3956D46DE8}") = "Solution Items", "Solution Items", "{27D4D423-33FC-4422-88BD-2FA934332076}"
	ProjectSection(SolutionItems) = preProject
		.gitignore = .gitignore
		Fragments.zip = Fragments.zip
		LICENSE = LICENSE
		README.md = README.md
	EndProjectSection
EndProject
Project("{2150E333-8FDC-42A3-9474-1A3956D46DE8}") = "Kevin Holman", "Kevin Holman", "{D2702823-10AA-413D-B537-69A4BB3ABA5A}"
	ProjectSection(SolutionItems) = preProject
		Kevin Holman\Class.And.Discovery.Registry.KeyExists.mpx = Kevin Holman\Class.And.Discovery.Registry.KeyExists.mpx
		Kevin Holman\Class.And.Discovery.Registry.Keys.PowerShell.mpx = Kevin Holman\Class.And.Discovery.Registry.Keys.PowerShell.mpx
		Kevin Holman\Class.And.Discovery.Registry.ValueExists.mpx = Kevin Holman\Class.And.Discovery.Registry.ValueExists.mpx
		Kevin Holman\Class.And.Discovery.Registry.ValueExpression.mpx = Kevin Holman\Class.And.Discovery.Registry.ValueExpression.mpx
		Kevin Holman\Class.And.Discovery.Script.PowerShell.mpx = Kevin Holman\Class.And.Discovery.Script.PowerShell.mpx
		Kevin Holman\Class.And.Discovery.Script.VBScript.mpx = Kevin Holman\Class.And.Discovery.Script.VBScript.mpx
		Kevin Holman\Class.And.Discovery.SNMP.Device.byOID.mpx = Kevin Holman\Class.And.Discovery.SNMP.Device.byOID.mpx
		Kevin Holman\Class.And.Discovery.Unix.FileExists.mpx = Kevin Holman\Class.And.Discovery.Unix.FileExists.mpx
		Kevin Holman\Class.And.Discovery.WMIQuery.mpx = Kevin Holman\Class.And.Discovery.WMIQuery.mpx
		Kevin Holman\Class.Group.ClassInstances.mpx = Kevin Holman\Class.Group.ClassInstances.mpx
		Kevin Holman\Class.Group.ClassInstances.WithRollup.mpx = Kevin Holman\Class.Group.ClassInstances.WithRollup.mpx
		Kevin Holman\Class.Group.WindowsComputers.mpx = Kevin Holman\Class.Group.WindowsComputers.mpx
		Kevin Holman\Class.Group.WindowsComputersAndHealthServiceWatchers.mpx = Kevin Holman\Class.Group.WindowsComputersAndHealthServiceWatchers.mpx
		Kevin Holman\EmptyFragment.mpx = Kevin Holman\EmptyFragment.mpx
		Kevin Holman\Folder.State.Alert.Perf.Views.mpx = Kevin Holman\Folder.State.Alert.Perf.Views.mpx
		Kevin Holman\Monitor.Performance.ConsecSamples.ThenScript.TwoState.mpx = Kevin Holman\Monitor.Performance.ConsecSamples.ThenScript.TwoState.mpx
		Kevin Holman\Monitor.Performance.ConsecSamples.TwoState.mpx = Kevin Holman\Monitor.Performance.ConsecSamples.TwoState.mpx
		Kevin Holman\Monitor.Process.mpx = Kevin Holman\Monitor.Process.mpx
		Kevin Holman\Monitor.RegistryKey.Exists.mpx = Kevin Holman\Monitor.RegistryKey.Exists.mpx
		Kevin Holman\Monitor.RegistryValue.Content.Regex.mpx = Kevin Holman\Monitor.RegistryValue.Content.Regex.mpx
		Kevin Holman\Monitor.RegistryValue.Content.Simple.mpx = Kevin Holman\Monitor.RegistryValue.Content.Simple.mpx
		Kevin Holman\Monitor.RegistryValue.Exists.mpx = Kevin Holman\Monitor.RegistryValue.Exists.mpx
		Kevin Holman\Monitor.Service.NoAlert.mpx = Kevin Holman\Monitor.Service.NoAlert.mpx
		Kevin Holman\Monitor.Service.WithAlert.IgnoreDisabled.mpx = Kevin Holman\Monitor.Service.WithAlert.IgnoreDisabled.mpx
		Kevin Holman\Monitor.Service.WithAlert.mpx = Kevin Holman\Monitor.Service.WithAlert.mpx
		Kevin Holman\Monitor.Service.WithRecovery.mpx = Kevin Holman\Monitor.Service.WithRecovery.mpx
		Kevin Holman\Monitor.Service.WithRecovery.WithAlertRules.mpx = Kevin Holman\Monitor.Service.WithRecovery.WithAlertRules.mpx
		Kevin Holman\Monitor.SNMP.Poll.OIDValue.Integer.Performance.mpx = Kevin Holman\Monitor.SNMP.Poll.OIDValue.Integer.Performance.mpx
		Kevin Holman\Monitor.TimedScript.PowerShell.mpx = Kevin Holman\Monitor.TimedScript.PowerShell.mpx
		Kevin Holman\Monitor.TimedScript.PowerShell.SQLQuery.mpx = Kevin Holman\Monitor.TimedScript.PowerShell.SQLQuery.mpx
		Kevin Holman\Monitor.TimedScript.VBScript.mpx = Kevin Holman\Monitor.TimedScript.VBScript.mpx
		Kevin Holman\Monitor.TimedScript.VBScript.WithArguments.mpx = Kevin Holman\Monitor.TimedScript.VBScript.WithArguments.mpx
		Kevin Holman\Monitor.Unix.ShellCommand.mpx = Kevin Holman\Monitor.Unix.ShellCommand.mpx
		Kevin Holman\Rule.AlertGenerating.EventLog.mpx = Kevin Holman\Rule.AlertGenerating.EventLog.mpx
		Kevin Holman\Rule.AlertGenerating.EventLog.RepeatedEvent.mpx = Kevin Holman\Rule.AlertGenerating.EventLog.RepeatedEvent.mpx
		Kevin Holman\Rule.AlertGenerating.SNMPTrap.AlertOnOID.mpx = Kevin Holman\Rule.AlertGenerating.SNMPTrap.AlertOnOID.mpx
		Kevin Holman\Rule.AlertGenerating.SNMPTrap.AlertOnOIDandVarbind.mpx = Kevin Holman\Rule.AlertGenerating.SNMPTrap.AlertOnOIDandVarbind.mpx
		Kevin Holman\Rule.AlertGenerating.TextLog.Fragment.mpx = Kevin Holman\Rule.AlertGenerating.TextLog.Fragment.mpx
		Kevin Holman\Rule.Performance.Collection.Perfmon.mpx = Kevin Holman\Rule.Performance.Collection.Perfmon.mpx
		Kevin Holman\Rule.Performance.Collection.PowerShellScript.mpx = Kevin Holman\Rule.Performance.Collection.PowerShellScript.mpx
		Kevin Holman\Rule.TimedScript.PowerShell.mpx = Kevin Holman\Rule.TimedScript.PowerShell.mpx
		Kevin Holman\Task.Agent.Command.mpx = Kevin Holman\Task.Agent.Command.mpx
		Kevin Holman\Task.Agent.PowerShell.NoParams.mpx = Kevin Holman\Task.Agent.PowerShell.NoParams.mpx
		Kevin Holman\Task.Agent.PowerShell.WithParams.mpx = Kevin Holman\Task.Agent.PowerShell.WithParams.mpx
		Kevin Holman\Task.Agent.VBScript.mpx = Kevin Holman\Task.Agent.VBScript.mpx
		Kevin Holman\Task.Console.mpx = Kevin Holman\Task.Console.mpx
		Kevin Holman\version info.txt = Kevin Holman\version info.txt
	EndProjectSection
EndProject
Project("{2150E333-8FDC-42A3-9474-1A3956D46DE8}") = "Silect", "Silect", "{09D41F4F-1FF3-42E7-A7DE-918B448841AD}"
	ProjectSection(SolutionItems) = preProject
		Silect\Class.And.Discovery.Unix.ProcessExists.mpx = Silect\Class.And.Discovery.Unix.ProcessExists.mpx
		Silect\MonitorProcessWithDiscoveryAndStateAndAlertView.mpx = Silect\MonitorProcessWithDiscoveryAndStateAndAlertView.mpx
		Silect\MonitorSNMP.Poll.OIDValue.PowerShell.mpx = Silect\MonitorSNMP.Poll.OIDValue.PowerShell.mpx
		Silect\ReadMe.txt = Silect\ReadMe.txt
		Silect\View.Event.mpx = Silect\View.Event.mpx
	EndProjectSection
EndProject
Project("{2150E333-8FDC-42A3-9474-1A3956D46DE8}") = "User Submissions", "User Submissions", "{D7FE9A71-A3E5-4BF9-8222-E7C2259B67B3}"
	ProjectSection(SolutionItems) = preProject
		User Submissions\ReadMe.txt = User Submissions\ReadMe.txt
	EndProjectSection
EndProject
Project("{2150E333-8FDC-42A3-9474-1A3956D46DE8}") = "My Fragments", "My Fragments", "{A56F91E9-E626-497B-A813-F2B35DCF9AA8}"
	ProjectSection(SolutionItems) = preProject
		My Fragments\ReadMe.txt = My Fragments\ReadMe.txt
	EndProjectSection
EndProject
Project("{2150E333-8FDC-42A3-9474-1A3956D46DE8}") = "Kevin Justin", "Kevin Justin", "{26F30BC6-ACA7-4D33-BE47-FFD138419BD9}"
	ProjectSection(SolutionItems) = preProject
		Kevin Justin\Class.Group.WindowsComputers.Group.Report.View.Folder.mpx = Kevin Justin\Class.Group.WindowsComputers.Group.Report.View.Folder.mpx
		Kevin Justin\Folder.Perf.Group.View.mpx = Kevin Justin\Folder.Perf.Group.View.mpx
		Kevin Justin\Monitor.EventLog.Event.Three.Criteria.Reset.mpx = Kevin Justin\Monitor.EventLog.Event.Three.Criteria.Reset.mpx
		Kevin Justin\Monitor.EventLog.Event.Two.Criteria.Reset.mpx = Kevin Justin\Monitor.EventLog.Event.Two.Criteria.Reset.mpx
		Kevin Justin\Monitor.EventLog.Event.With.PowerShell.Recovery.mpx = Kevin Justin\Monitor.EventLog.Event.With.PowerShell.Recovery.mpx
		Kevin Justin\Monitor.Exchange.Queue.PowerShell.Script.mpx = Kevin Justin\Monitor.Exchange.Queue.PowerShell.Script.mpx
		Kevin Justin\Monitor.TimedScript.RunAs.PowerShell.mpx = Kevin Justin\Monitor.TimedScript.RunAs.PowerShell.mpx
		Kevin Justin\Report.mpx = Kevin Justin\Report.mpx
		Kevin Justin\Version.Info.txt = Kevin Justin\Version.Info.txt
	EndProjectSection
EndProject
Global
	GlobalSection(SolutionProperties) = preSolution
		HideSolutionNode = FALSE
	EndGlobalSection
	GlobalSection(ExtensibilityGlobals) = postSolution
		SolutionGuid = {A8E7E689-CDAC-4998-80B3-8EE2DF46E669}
	EndGlobalSection
EndGlobal
